{
  "name": "client",
  "version": "1.0.0",
  "lockfileVersion": 2,
  "requires": true,
  "packages": {
    "": {
      "name": "client",
      "version": "1.0.0",
      "license": "ISC",
      "dependencies": {
        "@openzeppelin/contracts": "^4.7.3",
        "degit": "^2.8.4"
      },
      "devDependencies": {}
    },
    "node_modules/@openzeppelin/contracts": {
      "version": "4.7.3",
      "resolved": "https://registry.npmjs.org/@openzeppelin/contracts/-/contracts-4.7.3.tgz",
      "integrity": "sha512-dGRS0agJzu8ybo44pCIf3xBaPQN/65AIXNgK8+4gzKd5kbvlqyxryUYVLJv7fK98Seyd2hDZzVEHSWAh0Bt1Yw=="
    },
    "node_modules/degit": {
      "version": "2.8.4",
      "resolved": "https://registry.npmjs.org/degit/-/degit-2.8.4.tgz",
      "integrity": "sha512-vqYuzmSA5I50J882jd+AbAhQtgK6bdKUJIex1JNfEUPENCgYsxugzKVZlFyMwV4i06MmnV47/Iqi5Io86zf3Ng==",
      "bin": {
        "degit": "degit"
      },
      "engines": {
        "node": ">=8.0.0"
      }
    }
  },
  "dependencies": {
    "@openzeppelin/contracts": {
      "version": "4.7.3",
      "resolved": "https://registry.npmjs.org/@openzeppelin/contracts/-/contracts-4.7.3.tgz",
      "integrity": "sha512-dGRS0agJzu8ybo44pCIf3xBaPQN/65AIXNgK8+4gzKd5kbvlqyxryUYVLJv7fK98Seyd2hDZzVEHSWAh0Bt1Yw=="
    },
    "degit": {
      "version": "2.8.4",
      "resolved": "https://registry.npmjs.org/degit/-/degit-2.8.4.tgz",
      "integrity": "sha512-vqYuzmSA5I50J882jd+AbAhQtgK6bdKUJIex1JNfEUPENCgYsxugzKVZlFyMwV4i06MmnV47/Iqi5Io86zf3Ng=="
    }
  }
}
